Microsoft Visual Studio Solution File, Format Version 12.00
# Visual Studio Version 17
VisualStudioVersion = 17.5.2.0
MinimumVisualStudioVersion = 10.0.40219.1
Project("{FAE04EC0-301F-11D3-BF4B-00C04F79EFBC}") = "DEPI_Project1", "DEPI_Project1.csproj", "{9C0D8A87-1280-9F76-86ED-0EEC713579CE}"
EndProject
Global
	GlobalSection(SolutionConfigurationPlatforms) = preSolution
		Debug|Any CPU = Debug|Any CPU
		Release|Any CPU = Release|Any CPU
	EndGlobalSection
	GlobalSection(ProjectConfigurationPlatforms) = postSolution
		{9C0D8A87-1280-9F76-86ED-0EEC713579CE}.Debug|Any CPU.ActiveCfg = Debug|Any CPU
		{9C0D8A87-1280-9F76-86ED-0EEC713579CE}.Debug|Any CPU.Build.0 = Debug|Any CPU
		{9C0D8A87-1280-9F76-86ED-0EEC713579CE}.Release|Any CPU.ActiveCfg = Release|Any CPU
		{9C0D8A87-1280-9F76-86ED-0EEC713579CE}.Release|Any CPU.Build.0 = Release|Any CPU
	EndGlobalSection
	GlobalSection(SolutionProperties) = preSolution
		HideSolutionNode = FALSE
	EndGlobalSection
	GlobalSection(ExtensibilityGlobals) = postSolution
		SolutionGuid = {38963859-1638-4222-90F3-1ECDCC46710B}
	EndGlobalSection
EndGlobal
